
Microsoft Visual Studio Solution File, Format Version 12.00
# Visual Studio Version 16
VisualStudioVersion = 16.0.32106.194
MinimumVisualStudioVersion = 10.0.40219.1
Project("{FAE04EC0-301F-11D3-BF4B-00C04F79EFBC}") = "lab1", "lab1.csproj", "{8EF4B112-1610-4412-B5D0-1F85DC3234E9}"
EndProject
Global
	GlobalSection(SolutionConfigurationPlatforms) = preSolution
		Debug|Any CPU = Debug|Any CPU
		Release|Any CPU = Release|Any CPU
	EndGlobalSection
	GlobalSection(ProjectConfigurationPlatforms) = postSolution
		{8EF4B112-1610-4412-B5D0-1F85DC3234E9}.Debug|Any CPU.ActiveCfg = Debug|Any CPU
		{8EF4B112-1610-4412-B5D0-1F85DC3234E9}.Debug|Any CPU.Build.0 = Debug|Any CPU
		{8EF4B112-1610-4412-B5D0-1F85DC3234E9}.Release|Any CPU.ActiveCfg = Release|Any CPU
		{8EF4B112-1610-4412-B5D0-1F85DC3234E9}.Release|Any CPU.Build.0 = Release|Any CPU
	EndGlobalSection
	GlobalSection(SolutionProperties) = preSolution
		HideSolutionNode = FALSE
	EndGlobalSection
	GlobalSection(ExtensibilityGlobals) = postSolution
		SolutionGuid = {BCEA6149-14D3-4747-9FAD-E55C41086090}
	EndGlobalSection
EndGlobal
